
Microsoft Visual Studio Solution File, Format Version 12.00
# Visual Studio Version 16
VisualStudioVersion = 16.0.31702.278
MinimumVisualStudioVersion = 10.0.40219.1
Project("{FAE04EC0-301F-11D3-BF4B-00C04F79EFBC}") = "Data", "Data\Data.csproj", "{6B7DA5E9-E4E0-4B26-9C7E-68D7C037C44E}"
EndProject
Project("{FAE04EC0-301F-11D3-BF4B-00C04F79EFBC}") = "DataAccess", "DataAccess\DataAccess.csproj", "{3A8ECCB2-578B-4B94-B04B-BC675E568B0E}"
EndProject
Project("{FAE04EC0-301F-11D3-BF4B-00C04F79EFBC}") = "Business", "Business\Business.csproj", "{A4E8488A-8515-4BF0-B284-769956468F84}"
EndProject
Project("{FAE04EC0-301F-11D3-BF4B-00C04F79EFBC}") = "WebApp", "WebApp\WebApp.csproj", "{C9390FCF-BB3B-415F-9DA7-AA2B5C086BE4}"
EndProject
Project("{FAE04EC0-301F-11D3-BF4B-00C04F79EFBC}") = "WebApi", "WebApi\WebApi.csproj", "{DFDFBBDE-DAAC-4AAE-8EEA-B1B65075CCC6}"
EndProject
Global
	GlobalSection(SolutionConfigurationPlatforms) = preSolution
		Debug|Any CPU = Debug|Any CPU
		Release|Any CPU = Release|Any CPU
	EndGlobalSection
	GlobalSection(ProjectConfigurationPlatforms) = postSolution
		{6B7DA5E9-E4E0-4B26-9C7E-68D7C037C44E}.Debug|Any CPU.ActiveCfg = Debug|Any CPU
		{6B7DA5E9-E4E0-4B26-9C7E-68D7C037C44E}.Debug|Any CPU.Build.0 = Debug|Any CPU
		{6B7DA5E9-E4E0-4B26-9C7E-68D7C037C44E}.Release|Any CPU.ActiveCfg = Release|Any CPU
		{6B7DA5E9-E4E0-4B26-9C7E-68D7C037C44E}.Release|Any CPU.Build.0 = Release|Any CPU
		{3A8ECCB2-578B-4B94-B04B-BC675E568B0E}.Debug|Any CPU.ActiveCfg = Debug|Any CPU
		{3A8ECCB2-578B-4B94-B04B-BC675E568B0E}.Debug|Any CPU.Build.0 = Debug|Any CPU
		{3A8ECCB2-578B-4B94-B04B-BC675E568B0E}.Release|Any CPU.ActiveCfg = Release|Any CPU
		{3A8ECCB2-578B-4B94-B04B-BC675E568B0E}.Release|Any CPU.Build.0 = Release|Any CPU
		{A4E8488A-8515-4BF0-B284-769956468F84}.Debug|Any CPU.ActiveCfg = Debug|Any CPU
		{A4E8488A-8515-4BF0-B284-769956468F84}.Debug|Any CPU.Build.0 = Debug|Any CPU
		{A4E8488A-8515-4BF0-B284-769956468F84}.Release|Any CPU.ActiveCfg = Release|Any CPU
		{A4E8488A-8515-4BF0-B284-769956468F84}.Release|Any CPU.Build.0 = Release|Any CPU
		{C9390FCF-BB3B-415F-9DA7-AA2B5C086BE4}.Debug|Any CPU.ActiveCfg = Debug|Any CPU
		{C9390FCF-BB3B-415F-9DA7-AA2B5C086BE4}.Debug|Any CPU.Build.0 = Debug|Any CPU
		{C9390FCF-BB3B-415F-9DA7-AA2B5C086BE4}.Release|Any CPU.ActiveCfg = Release|Any CPU
		{C9390FCF-BB3B-415F-9DA7-AA2B5C086BE4}.Release|Any CPU.Build.0 = Release|Any CPU
		{DFDFBBDE-DAAC-4AAE-8EEA-B1B65075CCC6}.Debug|Any CPU.ActiveCfg = Debug|Any CPU
		{DFDFBBDE-DAAC-4AAE-8EEA-B1B65075CCC6}.Debug|Any CPU.Build.0 = Debug|Any CPU
		{DFDFBBDE-DAAC-4AAE-8EEA-B1B65075CCC6}.Release|Any CPU.ActiveCfg = Release|Any CPU
		{DFDFBBDE-DAAC-4AAE-8EEA-B1B65075CCC6}.Release|Any CPU.Build.0 = Release|Any CPU
	EndGlobalSection
	GlobalSection(SolutionProperties) = preSolution
		HideSolutionNode = FALSE
	EndGlobalSection
	GlobalSection(ExtensibilityGlobals) = postSolution
		SolutionGuid = {2BE1E911-6D45-42CF-B00C-C3A459185890}
	EndGlobalSection
EndGlobal
